schema: '2.0'
stages:
  data_ingestion:
    cmd: python -m src.data.data_ingestion
    deps:
    - path: src/config/config.py
      hash: md5
      md5: 868ce6017ccabd394315c7cb4ae3099d
      size: 4268
    - path: src/data/data_ingestion.py
      hash: md5
      md5: 41692b95f396965e9b0011d52b0ae5d4
      size: 4762
    params:
      params.yaml:
        data_ingestion.test_size: 0.3
    outs:
    - path: data/raw
      hash: md5
      md5: 250fd69c2d6ecf14c626a56c0b02c7e5.dir
      size: 817597
      nfiles: 2
  data_preprocessing:
    cmd: python -m src.data.data_preprocessing
    deps:
    - path: data/raw
      hash: md5
      md5: 250fd69c2d6ecf14c626a56c0b02c7e5.dir
      size: 817597
      nfiles: 2
    - path: src/data/data_preprocessing.py
      hash: md5
      md5: 31048667e9f211faba087b76fc2bcc69
      size: 2257
    - path: src/features/text_processing.py
      hash: md5
      md5: ee7a665da1bb864fd8724bdddec60436
      size: 3633
    outs:
    - path: data/interim
      hash: md5
      md5: 1b6c3f5ef2a7dd213e87d0e4841d7b82.dir
      size: 555687
      nfiles: 2
  feature_engineering:
    cmd: python -m src.features.feature_engineering
    deps:
    - path: data/interim
      hash: md5
      md5: 1b6c3f5ef2a7dd213e87d0e4841d7b82.dir
      size: 555687
      nfiles: 2
    - path: src/features/feature_engineering.py
      hash: md5
      md5: e9e4087421cd58f6d618210978b01bf7
      size: 4708
    params:
      params.yaml:
        feature_engineering.max_features: 3500
    outs:
    - path: data/processed
      hash: md5
      md5: 795d3a8b5d3636a5660fb921bc4ade84.dir
      size: 72671540
      nfiles: 2
    - path: models/vectorizer.pkl
      hash: md5
      md5: 9e29fbe814b9d2999312c83b6f10f349
      size: 97084
  model_building:
    cmd: python -m src.model.model_building
    deps:
    - path: data/processed
      hash: md5
      md5: 795d3a8b5d3636a5660fb921bc4ade84.dir
      size: 72671540
      nfiles: 2
    - path: src/model/model_building.py
      hash: md5
      md5: b5c47d6c3d9595e0772f2fd0d29601b6
      size: 2435
    outs:
    - path: models/model.pkl
      hash: md5
      md5: 13fa59bc45c08b34750fa7756e753a06
      size: 28716
  model_evaluation:
    cmd: python -m src.model.model_evaluation
    deps:
    - path: models/model.pkl
      hash: md5
      md5: 13fa59bc45c08b34750fa7756e753a06
      size: 28716
    - path: src/model/model_evaluation.py
      hash: md5
      md5: a89e69018ee297c994dea052d577ea67
      size: 5514
    outs:
    - path: reports/experiment_info.json
      hash: md5
      md5: 4d02ab64ffc967df4b9e25d1d00d4d7f
      size: 79
    - path: reports/metrics.json
      hash: md5
      md5: 4dbbedb32ac1097077ed1022387dc5c3
      size: 140
  model_registration:
    cmd: python -m src.model.register_model
    deps:
    - path: reports/experiment_info.json
      hash: md5
      md5: 4d02ab64ffc967df4b9e25d1d00d4d7f
      size: 79
    - path: src/model/register_model.py
      hash: md5
      md5: 947a8f7bf654b16963f6c4d93b3d6af0
      size: 2871
